
Microsoft Visual Studio Solution File, Format Version 12.00
# Visual Studio Version 16
VisualStudioVersion = 16.0.29306.81
MinimumVisualStudioVersion = 10.0.40219.1
Project("{9A19103F-16F7-4668-BE54-9A1E7A4F7556}") = "CountMeUpScotty", "CountMeUpScotty\CountMeUpScotty.csproj", "{D5C34609-84AE-4EBF-841F-0B9BC4D48D12}"
EndProject
Global
	GlobalSection(SolutionConfigurationPlatforms) = preSolution
		Debug|Any CPU = Debug|Any CPU
		Release|Any CPU = Release|Any CPU
	EndGlobalSection
	GlobalSection(ProjectConfigurationPlatforms) = postSolution
		{D5C34609-84AE-4EBF-841F-0B9BC4D48D12}.Debug|Any CPU.ActiveCfg = Debug|Any CPU
		{D5C34609-84AE-4EBF-841F-0B9BC4D48D12}.Debug|Any CPU.Build.0 = Debug|Any CPU
		{D5C34609-84AE-4EBF-841F-0B9BC4D48D12}.Release|Any CPU.ActiveCfg = Release|Any CPU
		{D5C34609-84AE-4EBF-841F-0B9BC4D48D12}.Release|Any CPU.Build.0 = Release|Any CPU
		{EEAB19CE-13BF-48CE-A373-BFD50B7C7FAE}.Debug|Any CPU.ActiveCfg = Debug|Any CPU
		{EEAB19CE-13BF-48CE-A373-BFD50B7C7FAE}.Debug|Any CPU.Build.0 = Debug|Any CPU
		{EEAB19CE-13BF-48CE-A373-BFD50B7C7FAE}.Release|Any CPU.ActiveCfg = Release|Any CPU
		{EEAB19CE-13BF-48CE-A373-BFD50B7C7FAE}.Release|Any CPU.Build.0 = Release|Any CPU
	EndGlobalSection
	GlobalSection(SolutionProperties) = preSolution
		HideSolutionNode = FALSE
	EndGlobalSection
	GlobalSection(ExtensibilityGlobals) = postSolution
		SolutionGuid = {9E0A3A9A-8FC7-4ABD-8F6C-B1808417B62A}
	EndGlobalSection
EndGlobal
